lockfileVersion: 5.4

specifiers:
  canopen: ^5.0.8
  socketcan: ^3.0.0

dependencies:
  canopen: 5.0.8
  socketcan: 3.0.0

packages:

  /@types/node/15.14.9:
    resolution: {integrity: sha512-qjd88DrCxupx/kJD5yQgZdcYKZKSIGBVDIBE1/LTGcNm3d2Np/jxojkdePDdfnBHJc5W7vSMpbJ1aB7p/Py69A==}
    dev: false

  /bindings/1.5.0:
    resolution: {integrity: sha512-p2q/t/mhvuOj/UeLlV6566GD/guowlr0hHxClI0W9m7MWYkL1F0hLo+0Aexs9HSPCtR1SXQ0TD3MMKrXZajbiQ==}
    dependencies:
      file-uri-to-path: 1.0.0
    dev: false

  /canopen/5.0.8:
    resolution: {integrity: sha512-l+nWGKvW2KRX9fURsNTraWUZ1lW9QN/VK1hEbe4wHfO0aHsV1UNl5FlsQJ7//Qn22Vxj6mKyAnIojf7di4leZQ==}
    engines: {node: '>=12'}
    dependencies:
      ini: 2.0.0
      node-crc: 1.3.2
    dev: false

  /file-uri-to-path/1.0.0:
    resolution: {integrity: sha512-0Zt+s3L7Vf1biwWZ29aARiVYLx7iMGnEUl9x33fbB/j3jR81u/O2LbqK+Bm1CDSNDKVtJ/YjwY7TUd5SkeLQLw==}
    dev: false

  /ini/2.0.0:
    resolution: {integrity: sha512-7PnF4oN3CvZF23ADhA5wRaYEQpJ8qygSkbtTXWBeXWXmEVRXK+1ITciHWwHhsjv1TmW0MgacIv6hEi5pX5NQdA==}
    engines: {node: '>=10'}
    dev: false

  /nan/2.16.0:
    resolution: {integrity: sha512-UdAqHyFngu7TfQKsCBgAA6pWDkT8MAO7d0jyOecVhN5354xbLqdn8mV9Tat9gepAupm0bt2DbeaSC8vS52MuFA==}
    dev: false

  /node-crc/1.3.2:
    resolution: {integrity: sha512-1ipluqUEawnH1SVUz3JvnHqHaKbjTW5Mz/4lnvSU4fEmvfw9NU4DcTtCU8j2atk9p4P1TzyDKjo7YxVIKGTGdg==}
    engines: {node: '>=12'}
    requiresBuild: true
    dependencies:
      '@types/node': 15.14.9
      bindings: 1.5.0
    dev: false

  /sax/1.2.4:
    resolution: {integrity: sha512-NqVDv9TpANUjFm0N8uM5GxL36UgKi9/atZw+x7YFnQ8ckwFGKrl4xX4yWtrey3UJm5nP1kUbnYgLopqWNSRhWw==}
    dev: false

  /socketcan/3.0.0:
    resolution: {integrity: sha512-jKs6S4DSDvvE8TEa2+de8pJdULiyRo1tiS3l2xcx9PYnDmBqyQPZLFx/4lDfzFdMKagRduwmKTOoW4mYoyvJ2g==}
    os: [linux]
    requiresBuild: true
    dependencies:
      nan: 2.16.0
      xml2js: 0.4.23
    dev: false

  /xml2js/0.4.23:
    resolution: {integrity: sha512-ySPiMjM0+pLDftHgXY4By0uswI3SPKLDw/i3UXbnO8M/p28zqexCUoPmQFrYD+/1BzhGJSs2i1ERWKJAtiLrug==}
    engines: {node: '>=4.0.0'}
    dependencies:
      sax: 1.2.4
      xmlbuilder: 11.0.1
    dev: false

  /xmlbuilder/11.0.1:
    resolution: {integrity: sha512-fDlsI/kFEx7gLvbecc0/ohLG50fugQp8ryHzMTuW9vSa1GJ0XYWKnhsUx7oie3G98+r56aTQIUB4kht42R3JvA==}
    engines: {node: '>=4.0'}
    dev: false
